// !$*UTF8*$!
{
	archiveVersion = 1;
	classes = {
	};
	objectVersion = 46;
	objects = {

/* Begin PBXBuildFile section */
		82BE057E1B54A3D8008DFB70 /* main.m in Sources */ = {isa = PBXBuildFile; fileRef = 82BE057D1B54A3D8008DFB70 /* main.m */; };
		82BE05811B54A3D8008DFB70 /* AppDelegate.m in Sources */ = {isa = PBXBuildFile; fileRef = 82BE05801B54A3D8008DFB70 /* AppDelegate.m */; };
		82BE05841B54A3D8008DFB70 /* ViewController.m in Sources */ = {isa = PBXBuildFile; fileRef = 82BE05831B54A3D8008DFB70 /* ViewController.m */; };
		82BE05871B54A3D8008DFB70 /* Main.storyboard in Resources */ = {isa = PBXBuildFile; fileRef = 82BE05851B54A3D8008DFB70 /* Main.storyboard */; };
		82BE05891B54A3D8008DFB70 /* Images.xcassets in Resources */ = {isa = PBXBuildFile; fileRef = 82BE05881B54A3D8008DFB70 /* Images.xcassets */; };
		82BE058C1B54A3D8008DFB70 /* LaunchScreen.xib in Resources */ = {isa = PBXBuildFile; fileRef = 82BE058A1B54A3D8008DFB70 /* LaunchScreen.xib */; };
		82BE05981B54A3D8008DFB70 /* XXTEA_iOSTests.m in Sources */ = {isa = PBXBuildFile; fileRef = 82BE05971B54A3D8008DFB70 /* XXTEA_iOSTests.m */; };
		82BE05A41B54A405008DFB70 /* XXTEA.m in Sources */ = {isa = PBXBuildFile; fileRef = 82BE05A31B54A405008DFB70 /* XXTEA.m */; };
/* End PBXBuildFile section */

/* Begin PBXContainerItemProxy section */
		82BE05921B54A3D8008DFB70 /* PBXContainerItemProxy */ = {
			isa = PBXContainerItemProxy;
			containerPortal = 82BE05701B54A3D8008DFB70 /* Project object */;
			proxyType = 1;
			remoteGlobalIDString = 82BE05771B54A3D8008DFB70;
			remoteInfo = XXTEA_iOS;
		};
/* End PBXContainerItemProxy section */

/* Begin PBXFileReference section */
		82BE05781B54A3D8008DFB70 /* XXTEA_iOS.app */ = {isa = PBXFileReference; explicitFileType = wrapper.application; includeInIndex = 0; path = XXTEA_iOS.app; sourceTree = BUILT_PRODUCTS_DIR; };
		82BE057C1B54A3D8008DFB70 /* Info.plist */ = {isa = PBXFileReference; lastKnownFileType = text.plist.xml; path = Info.plist; sourceTree = "<group>"; };
		82BE057D1B54A3D8008DFB70 /* main.m */ = {isa = PBXFileReference; lastKnownFileType = sourcecode.c.objc; path = main.m; sourceTree = "<group>"; };
		82BE057F1B54A3D8008DFB70 /* AppDelegate.h */ = {isa = PBXFileReference; lastKnownFileType = sourcecode.c.h; path = AppDelegate.h; sourceTree = "<group>"; };
		82BE05801B54A3D8008DFB70 /* AppDelegate.m */ = {isa = PBXFileReference; lastKnownFileType = sourcecode.c.objc; path = AppDelegate.m; sourceTree = "<group>"; };
		82BE05821B54A3D8008DFB70 /* ViewController.h */ = {isa = PBXFileReference; lastKnownFileType = sourcecode.c.h; path = ViewController.h; sourceTree = "<group>"; };
		82BE05831B54A3D8008DFB70 /* ViewController.m */ = {isa = PBXFileReference; lastKnownFileType = sourcecode.c.objc; path = ViewController.m; sourceTree = "<group>"; };
		82BE05861B54A3D8008DFB70 /* Base */ = {isa = PBXFileReference; lastKnownFileType = file.storyboard; name = Base; path = Base.lproj/Main.storyboard; sourceTree = "<group>"; };
		82BE05881B54A3D8008DFB70 /* Images.xcassets */ = {isa = PBXFileReference; lastKnownFileType = folder.assetcatalog; path = Images.xcassets; sourceTree = "<group>"; };
		82BE058B1B54A3D8008DFB70 /* Base */ = {isa = PBXFileReference; lastKnownFileType = file.xib; name = Base; path = Base.lproj/LaunchScreen.xib; sourceTree = "<group>"; };
		82BE05911B54A3D8008DFB70 /* XXTEA_iOSTests.xctest */ = {isa = PBXFileReference; explicitFileType = wrapper.cfbundle; includeInIndex = 0; path = XXTEA_iOSTests.xctest; sourceTree = BUILT_PRODUCTS_DIR; };
		82BE05961B54A3D8008DFB70 /* Info.plist */ = {isa = PBXFileReference; lastKnownFileType = text.plist.xml; path = Info.plist; sourceTree = "<group>"; };
		82BE05971B54A3D8008DFB70 /* XXTEA_iOSTests.m */ = {isa = PBXFileReference; lastKnownFileType = sourcecode.c.objc; path = XXTEA_iOSTests.m; sourceTree = "<group>"; };
		82BE05A21B54A405008DFB70 /* XXTEA.h */ = {isa = PBXFileReference; fileEncoding = 4; lastKnownFileType = sourcecode.c.h; path = XXTEA.h; sourceTree = "<group>"; };
		82BE05A31B54A405008DFB70 /* XXTEA.m */ = {isa = PBXFileReference; fileEncoding = 4; lastKnownFileType = sourcecode.c.objc; path = XXTEA.m; sourceTree = "<group>"; };
/* End PBXFileReference section */

/* Begin PBXFrameworksBuildPhase section */
		82BE05751B54A3D8008DFB70 /* Frameworks */ = {
			isa = PBXFrameworksBuildPhase;
			buildActionMask = 2147483647;
			files = (
			);
			runOnlyForDeploymentPostprocessing = 0;
		};
		82BE058E1B54A3D8008DFB70 /* Frameworks */ = {
			isa = PBXFrameworksBuildPhase;
			buildActionMask = 2147483647;
			files = (
			);
			runOnlyForDeploymentPostprocessing = 0;
		};
/* End PBXFrameworksBuildPhase section */

/* Begin PBXGroup section */
		82BE056F1B54A3D8008DFB70 = {
			isa = PBXGroup;
			children = (
				82BE057A1B54A3D8008DFB70 /* XXTEA_iOS */,
				82BE05941B54A3D8008DFB70 /* XXTEA_iOSTests */,
				82BE05791B54A3D8008DFB70 /* Products */,
			);
			sourceTree = "<group>";
		};
		82BE05791B54A3D8008DFB70 /* Products */ = {
			isa = PBXGroup;
			children = (
				82BE05781B54A3D8008DFB70 /* XXTEA_iOS.app */,
				82BE05911B54A3D8008DFB70 /* XXTEA_iOSTests.xctest */,
			);
			name = Products;
			sourceTree = "<group>";
		};
		82BE057A1B54A3D8008DFB70 /* XXTEA_iOS */ = {
			isa = PBXGroup;
			children = (
				82BE05A11B54A404008DFB70 /* XXTEA */,
				82BE057F1B54A3D8008DFB70 /* AppDelegate.h */,
				82BE05801B54A3D8008DFB70 /* AppDelegate.m */,
				82BE05821B54A3D8008DFB70 /* ViewController.h */,
				82BE05831B54A3D8008DFB70 /* ViewController.m */,
				82BE05851B54A3D8008DFB70 /* Main.storyboard */,
				82BE05881B54A3D8008DFB70 /* Images.xcassets */,
				82BE058A1B54A3D8008DFB70 /* LaunchScreen.xib */,
				82BE057B1B54A3D8008DFB70 /* Supporting Files */,
			);
			path = XXTEA_iOS;
			sourceTree = "<group>";
		};
		82BE057B1B54A3D8008DFB70 /* Supporting Files */ = {
			isa = PBXGroup;
			children = (
				82BE057C1B54A3D8008DFB70 /* Info.plist */,
				82BE057D1B54A3D8008DFB70 /* main.m */,
			);
			name = "Supporting Files";
			sourceTree = "<group>";
		};
		82BE05941B54A3D8008DFB70 /* XXTEA_iOSTests */ = {
			isa = PBXGroup;
			children = (
				82BE05971B54A3D8008DFB70 /* XXTEA_iOSTests.m */,
				82BE05951B54A3D8008DFB70 /* Supporting Files */,
			);
			path = XXTEA_iOSTests;
			sourceTree = "<group>";
		};
		82BE05951B54A3D8008DFB70 /* Supporting Files */ = {
			isa = PBXGroup;
			children = (
				82BE05961B54A3D8008DFB70 /* Info.plist */,
			);
			name = "Supporting Files";
			sourceTree = "<group>";
		};
		82BE05A11B54A404008DFB70 /* XXTEA */ = {
			isa = PBXGroup;
			children = (
				82BE05A21B54A405008DFB70 /* XXTEA.h */,
				82BE05A31B54A405008DFB70 /* XXTEA.m */,
			);
			path = XXTEA;
			sourceTree = "<group>";
		};
/* End PBXGroup section */

/* Begin PBXNativeTarget section */
		82BE05771B54A3D8008DFB70 /* XXTEA_iOS */ = {
			isa = PBXNativeTarget;
			buildConfigurationList = 82BE059B1B54A3D8008DFB70 /* Build configuration list for PBXNativeTarget "XXTEA_iOS" */;
			buildPhases = (
				82BE05741B54A3D8008DFB70 /* Sources */,
				82BE05751B54A3D8008DFB70 /* Frameworks */,
				82BE05761B54A3D8008DFB70 /* Resources */,
			);
			buildRules = (
			);
			dependencies = (
			);
			name = XXTEA_iOS;
			productName = XXTEA_iOS;
			productReference = 82BE05781B54A3D8008DFB70 /* XXTEA_iOS.app */;
			productType = "com.apple.product-type.application";
		};
		82BE05901B54A3D8008DFB70 /* XXTEA_iOSTests */ = {
			isa = PBXNativeTarget;
			buildConfigurationList = 82BE059E1B54A3D8008DFB70 /* Build configuration list for PBXNativeTarget "XXTEA_iOSTests" */;
			buildPhases = (
				82BE058D1B54A3D8008DFB70 /* Sources */,
				82BE058E1B54A3D8008DFB70 /* Frameworks */,
				82BE058F1B54A3D8008DFB70 /* Resources */,
			);
			buildRules = (
			);
			dependencies = (
				82BE05931B54A3D8008DFB70 /* PBXTargetDependency */,
			);
			name = XXTEA_iOSTests;
			productName = XXTEA_iOSTests;
			productReference = 82BE05911B54A3D8008DFB70 /* XXTEA_iOSTests.xctest */;
			productType = "com.apple.product-type.bundle.unit-test";
		};
/* End PBXNativeTarget section */

/* Begin PBXProject section */
		82BE05701B54A3D8008DFB70 /* Project object */ = {
			isa = PBXProject;
			attributes = {
				LastUpgradeCheck = 0640;
				ORGANIZATIONNAME = "宣佚";
				TargetAttributes = {
					82BE05771B54A3D8008DFB70 = {
						CreatedOnToolsVersion = 6.4;
					};
					82BE05901B54A3D8008DFB70 = {
						CreatedOnToolsVersion = 6.4;
						TestTargetID = 82BE05771B54A3D8008DFB70;
					};
				};
			};
			buildConfigurationList = 82BE05731B54A3D8008DFB70 /* Build configuration list for PBXProject "XXTEA_iOS" */;
			compatibilityVersion = "Xcode 3.2";
			developmentRegion = English;
			hasScannedForEncodings = 0;
			knownRegions = (
				en,
				Base,
			);
			mainGroup = 82BE056F1B54A3D8008DFB70;
			productRefGroup = 82BE05791B54A3D8008DFB70 /* Products */;
			projectDirPath = "";
			projectRoot = "";
			targets = (
				82BE05771B54A3D8008DFB70 /* XXTEA_iOS */,
				82BE05901B54A3D8008DFB70 /* XXTEA_iOSTests */,
			);
		};
/* End PBXProject section */

/* Begin PBXResourcesBuildPhase section */
		82BE05761B54A3D8008DFB70 /* Resources */ = {
			isa = PBXResourcesBuildPhase;
			buildActionMask = 2147483647;
			files = (
				82BE05871B54A3D8008DFB70 /* Main.storyboard in Resources */,
				82BE058C1B54A3D8008DFB70 /* LaunchScreen.xib in Resources */,
				82BE05891B54A3D8008DFB70 /* Images.xcassets in Resources */,
			);
			runOnlyForDeploymentPostprocessing = 0;
		};
		82BE058F1B54A3D8008DFB70 /* Resources */ = {
			isa = PBXResourcesBuildPhase;
			buildActionMask = 2147483647;
			files = (
			);
			runOnlyForDeploymentPostprocessing = 0;
		};
/* End PBXResourcesBuildPhase section */

/* Begin PBXSourcesBuildPhase section */
		82BE05741B54A3D8008DFB70 /* Sources */ = {
			isa = PBXSourcesBuildPhase;
			buildActionMask = 2147483647;
			files = (
				82BE05A41B54A405008DFB70 /* XXTEA.m in Sources */,
				82BE05841B54A3D8008DFB70 /* ViewController.m in Sources */,
				82BE05811B54A3D8008DFB70 /* AppDelegate.m in Sources */,
				82BE057E1B54A3D8008DFB70 /* main.m in Sources */,
			);
			runOnlyForDeploymentPostprocessing = 0;
		};
		82BE058D1B54A3D8008DFB70 /* Sources */ = {
			isa = PBXSourcesBuildPhase;
			buildActionMask = 2147483647;
			files = (
				82BE05981B54A3D8008DFB70 /* XXTEA_iOSTests.m in Sources */,
			);
			runOnlyForDeploymentPostprocessing = 0;
		};
/* End PBXSourcesBuildPhase section */

/* Begin PBXTargetDependency section */
		82BE05931B54A3D8008DFB70 /* PBXTargetDependency */ = {
			isa = PBXTargetDependency;
			target = 82BE05771B54A3D8008DFB70 /* XXTEA_iOS */;
			targetProxy = 82BE05921B54A3D8008DFB70 /* PBXContainerItemProxy */;
		};
/* End PBXTargetDependency section */

/* Begin PBXVariantGroup section */
		82BE05851B54A3D8008DFB70 /* Main.storyboard */ = {
			isa = PBXVariantGroup;
			children = (
				82BE05861B54A3D8008DFB70 /* Base */,
			);
			name = Main.storyboard;
			sourceTree = "<group>";
		};
		82BE058A1B54A3D8008DFB70 /* LaunchScreen.xib */ = {
			isa = PBXVariantGroup;
			children = (
				82BE058B1B54A3D8008DFB70 /* Base */,
			);
			name = LaunchScreen.xib;
			sourceTree = "<group>";
		};
/* End PBXVariantGroup section */

/* Begin XCBuildConfiguration section */
		82BE05991B54A3D8008DFB70 /* Debug */ = {
			isa = XCBuildConfiguration;
			buildSettings = {
				ALWAYS_SEARCH_USER_PATHS = NO;
				CLANG_CXX_LANGUAGE_STANDARD = "gnu++0x";
				CLANG_CXX_LIBRARY = "libc++";
				CLANG_ENABLE_MODULES = YES;
				CLANG_ENABLE_OBJC_ARC = YES;
				CLANG_WARN_BOOL_CONVERSION = YES;
				CLANG_WARN_CONSTANT_CONVERSION = YES;
				CLANG_WARN_DIRECT_OBJC_ISA_USAGE = YES_ERROR;
				CLANG_WARN_EMPTY_BODY = YES;
				CLANG_WARN_ENUM_CONVERSION = YES;
				CLANG_WARN_INT_CONVERSION = YES;
				CLANG_WARN_OBJC_ROOT_CLASS = YES_ERROR;
				CLANG_WARN_UNREACHABLE_CODE = YES;
				CLANG_WARN__DUPLICATE_METHOD_MATCH = YES;
				"CODE_SIGN_IDENTITY[sdk=iphoneos*]" = "iPhone Developer";
				COPY_PHASE_STRIP = NO;
				DEBUG_INFORMATION_FORMAT = "dwarf-with-dsym";
				ENABLE_STRICT_OBJC_MSGSEND = YES;
				GCC_C_LANGUAGE_STANDARD = gnu99;
				GCC_DYNAMIC_NO_PIC = NO;
				GCC_NO_COMMON_BLOCKS = YES;
				GCC_OPTIMIZATION_LEVEL = 0;
				GCC_PREPROCESSOR_DEFINITIONS = (
					"DEBUG=1",
					"$(inherited)",
				);
				GCC_SYMBOLS_PRIVATE_EXTERN = NO;
				GCC_WARN_64_TO_32_BIT_CONVERSION = YES;
				GCC_WARN_ABOUT_RETURN_TYPE = YES_ERROR;
				GCC_WARN_UNDECLARED_SELECTOR = YES;
				GCC_WARN_UNINITIALIZED_AUTOS = YES_AGGRESSIVE;
				GCC_WARN_UNUSED_FUNCTION = YES;
				GCC_WARN_UNUSED_VARIABLE = YES;
				IPHONEOS_DEPLOYMENT_TARGET = 8.4;
				MTL_ENABLE_DEBUG_INFO = YES;
				ONLY_ACTIVE_ARCH = YES;
				SDKROOT = iphoneos;
			};
			name = Debug;
		};
		82BE059A1B54A3D8008DFB70 /* Release */ = {
			isa = XCBuildConfiguration;
			buildSettings = {
				ALWAYS_SEARCH_USER_PATHS = NO;
				CLANG_CXX_LANGUAGE_STANDARD = "gnu++0x";
				CLANG_CXX_LIBRARY = "libc++";
				CLANG_ENABLE_MODULES = YES;
				CLANG_ENABLE_OBJC_ARC = YES;
				CLANG_WARN_BOOL_CONVERSION = YES;
				CLANG_WARN_CONSTANT_CONVERSION = YES;
				CLANG_WARN_DIRECT_OBJC_ISA_USAGE = YES_ERROR;
				CLANG_WARN_EMPTY_BODY = YES;
				CLANG_WARN_ENUM_CONVERSION = YES;
				CLANG_WARN_INT_CONVERSION = YES;
				CLANG_WARN_OBJC_ROOT_CLASS = YES_ERROR;
				CLANG_WARN_UNREACHABLE_CODE = YES;
				CLANG_WARN__DUPLICATE_METHOD_MATCH = YES;
				"CODE_SIGN_IDENTITY[sdk=iphoneos*]" = "iPhone Developer";
				COPY_PHASE_STRIP = NO;
				DEBUG_INFORMATION_FORMAT = "dwarf-with-dsym";
				ENABLE_NS_ASSERTIONS = NO;
				ENABLE_STRICT_OBJC_MSGSEND = YES;
				GCC_C_LANGUAGE_STANDARD = gnu99;
				GCC_NO_COMMON_BLOCKS = YES;
				GCC_WARN_64_TO_32_BIT_CONVERSION = YES;
				GCC_WARN_ABOUT_RETURN_TYPE = YES_ERROR;
				GCC_WARN_UNDECLARED_SELECTOR = YES;
				GCC_WARN_UNINITIALIZED_AUTOS = YES_AGGRESSIVE;
				GCC_WARN_UNUSED_FUNCTION = YES;
				GCC_WARN_UNUSED_VARIABLE = YES;
				IPHONEOS_DEPLOYMENT_TARGET = 8.4;
				MTL_ENABLE_DEBUG_INFO = NO;
				SDKROOT = iphoneos;
				VALIDATE_PRODUCT = YES;
			};
			name = Release;
		};
		82BE059C1B54A3D8008DFB70 /* Debug */ = {
			isa = XCBuildConfiguration;
			buildSettings = {
				ASSETCATALOG_COMPILER_APPICON_NAME = AppIcon;
				INFOPLIST_FILE = XXTEA_iOS/Info.plist;
				LD_RUNPATH_SEARCH_PATHS = "$(inherited) @executable_path/Frameworks";
				PRODUCT_NAME = "$(TARGET_NAME)";
			};
			name = Debug;
		};
		82BE059D1B54A3D8008DFB70 /* Release */ = {
			isa = XCBuildConfiguration;
			buildSettings = {
				ASSETCATALOG_COMPILER_APPICON_NAME = AppIcon;
				INFOPLIST_FILE = XXTEA_iOS/Info.plist;
				LD_RUNPATH_SEARCH_PATHS = "$(inherited) @executable_path/Frameworks";
				PRODUCT_NAME = "$(TARGET_NAME)";
			};
			name = Release;
		};
		82BE059F1B54A3D8008DFB70 /* Debug */ = {
			isa = XCBuildConfiguration;
			buildSettings = {
				BUNDLE_LOADER = "$(TEST_HOST)";
				FRAMEWORK_SEARCH_PATHS = (
					"$(SDKROOT)/Developer/Library/Frameworks",
					"$(inherited)",
				);
				GCC_PREPROCESSOR_DEFINITIONS = (
					"DEBUG=1",
					"$(inherited)",
				);
				INFOPLIST_FILE = XXTEA_iOSTests/Info.plist;
				LD_RUNPATH_SEARCH_PATHS = "$(inherited) @executable_path/Frameworks @loader_path/Frameworks";
				PRODUCT_NAME = "$(TARGET_NAME)";
				TEST_HOST = "$(BUILT_PRODUCTS_DIR)/XXTEA_iOS.app/XXTEA_iOS";
			};
			name = Debug;
		};
		82BE05A01B54A3D8008DFB70 /* Release */ = {
			isa = XCBuildConfiguration;
			buildSettings = {
				BUNDLE_LOADER = "$(TEST_HOST)";
				FRAMEWORK_SEARCH_PATHS = (
					"$(SDKROOT)/Developer/Library/Frameworks",
					"$(inherited)",
				);
				INFOPLIST_FILE = XXTEA_iOSTests/Info.plist;
				LD_RUNPATH_SEARCH_PATHS = "$(inherited) @executable_path/Frameworks @loader_path/Frameworks";
				PRODUCT_NAME = "$(TARGET_NAME)";
				TEST_HOST = "$(BUILT_PRODUCTS_DIR)/XXTEA_iOS.app/XXTEA_iOS";
			};
			name = Release;
		};
/* End XCBuildConfiguration section */

/* Begin XCConfigurationList section */
		82BE05731B54A3D8008DFB70 /* Build configuration list for PBXProject "XXTEA_iOS" */ = {
			isa = XCConfigurationList;
			buildConfigurations = (
				82BE05991B54A3D8008DFB70 /* Debug */,
				82BE059A1B54A3D8008DFB70 /* Release */,
			);
			defaultConfigurationIsVisible = 0;
			defaultConfigurationName = Release;
		};
		82BE059B1B54A3D8008DFB70 /* Build configuration list for PBXNativeTarget "XXTEA_iOS" */ = {
			isa = XCConfigurationList;
			buildConfigurations = (
				82BE059C1B54A3D8008DFB70 /* Debug */,
				82BE059D1B54A3D8008DFB70 /* Release */,
			);
			defaultConfigurationIsVisible = 0;
		};
		82BE059E1B54A3D8008DFB70 /* Build configuration list for PBXNativeTarget "XXTEA_iOSTests" */ = {
			isa = XCConfigurationList;
			buildConfigurations = (
				82BE059F1B54A3D8008DFB70 /* Debug */,
				82BE05A01B54A3D8008DFB70 /* Release */,
			);
			defaultConfigurationIsVisible = 0;
		};
/* End XCConfigurationList section */
	};
	rootObject = 82BE05701B54A3D8008DFB70 /* Project object */;
}
